# This file was autogenerated by Stack.
# You should not edit this file by hand.
# For more information, please see the documentation at:
#   https://docs.haskellstack.org/en/stable/lock_files

packages:
- completed:
    hackage: beam-postgres-0.4.0.0@sha256:a01443ce503cfc58cbe28f476252672282347579444b65f2925a12ba6a2c13f5,4173
    pantry-tree:
      size: 1519
      sha256: 43e16080098e8f673005723a0ca208850c88dced527030341f919859a54cde91
  original:
    hackage: beam-postgres-0.4.0.0
- completed:
    hackage: beam-migrate-0.4.0.1@sha256:c53948a84972f67e97ba9c56f3dda9abfed556ba2f1672dc3070eb2512791efb,4920
    pantry-tree:
      size: 1720
      sha256: 7ab124f3ac3c74bf5b342d2ef73c9ef3c13ddd7b0804aea340423ceb1baf72a1
  original:
    hackage: beam-migrate-0.4.0.1@sha256:c53948a84972f67e97ba9c56f3dda9abfed556ba2f1672dc3070eb2512791efb
- completed:
    hackage: polysemy-0.2.0.0@sha256:e72ab018a40ab290701ae0ee090c45ceb16e317aec3188945db998dfa3965002,3860
    pantry-tree:
      size: 2288
      sha256: fb338bf13008a24b3dbb13a1ee77d6f16f1bdfd5f257db5ac99196190416e974
  original:
    hackage: polysemy-0.2.0.0@sha256:e72ab018a40ab290701ae0ee090c45ceb16e317aec3188945db998dfa3965002
- completed:
    subdir: beam-core
    cabal-file:
      size: 5093
      sha256: 3f56b86ece2f31c4fd533ce5d342c3ba362e752ef1e572c6f78754d187805dd8
    name: beam-core
    version: 0.8.1.0
    git: https://github.com/tathougies/beam.git
    pantry-tree:
      size: 2837
      sha256: 4cbb42920978c29821b9596e05c794251ecee739120a5075d1883876b1311e16
    commit: 12437153ff715ae96bc7c3ffe5db39e67225a8ca
  original:
    subdir: beam-core
    git: https://github.com/tathougies/beam.git
    commit: 12437153ff715ae96bc7c3ffe5db39e67225a8ca
snapshots:
- completed:
    size: 498155
    url: https://raw.githubusercontent.com/commercialhaskell/stackage-snapshots/master/lts/13/19.yaml
    sha256: b9367a80d4393d02e58a46b8a9fdfbd7bc19f59c0c2bbf90034ba15cf52cf213
  original: lts-13.19
